github.com/axw/gocov v1.0.0 h1:YsqYR66hUmilVr23tu8USgnJIJvnwh3n7j5zRn7x4LU=
github.com/axw/gocov v1.0.0/go.mod h1:LvQpEYiwwIb2nYkXY2fDWhg9/AsYqkhmrCshjlUJECE=
github.com/codingeasygo/util v0.0.0-20201004134109-1441a075ad47 h1:ZDXgu3aBCCIb3js/xmsJOj8iLi7+xZ7Mi80LlmJ25fs=
github.com/codingeasygo/util v0.0.0-20201004134109-1441a075ad47/go.mod h1:q4DRF2HY/Qt0qCCARM1OR0dke9XFkKtgr/POyT63crI=
github.com/codingeasygo/util v0.0.0-20201005102950-4b17567fff0c h1:Gj5bklyU7MbLFpt20d/oWhVuhyMv+4uH8Cs2PpUr+CY=
github.com/codingeasygo/util v0.0.0-20201005102950-4b17567fff0c/go.mod h1:q4DRF2HY/Qt0qCCARM1OR0dke9XFkKtgr/POyT63crI=
github.com/codingeasygo/util v0.0.0-20201005121639-0049d1d6824c h1:6IqnupATHhJ3stQjUgvxw/lIiBnzqBR3i1naJTs8FoE=
github.com/codingeasygo/util v0.0.0-20201005121639-0049d1d6824c/go.mod h1:q4DRF2HY/Qt0qCCARM1OR0dke9XFkKtgr/POyT63crI=
github.com/codingeasygo/util v0.0.0-20201009071107-1fae86a0e1f8 h1:4p1Cf9zv/xO9UX2ZInqUSuL68AyqzcVfcpO9+ENyLIk=
github.com/codingeasygo/util v0.0.0-20201009071107-1fae86a0e1f8/go.mod h1:q4DRF2HY/Qt0qCCARM1OR0dke9XFkKtgr/POyT63crI=
github.com/codingeasygo/util v0.0.0-20201009072921-314792199c2b h1:cBC924IU65zdUX4q+Sj8io0dO611JOPQ/51pVqAHiXQ=
github.com/codingeasygo/util v0.0.0-20201009072921-314792199c2b/go.mod h1:q4DRF2HY/Qt0qCCARM1OR0dke9XFkKtgr/POyT63crI=
github.com/codingeasygo/util v0.0.0-20201031092742-821d78e8cdb9 h1:hBsUVCbcTN2BQDWDkTfKvwUE/aN95UIx/LOE92GTC0k=
github.com/codingeasygo/util v0.0.0-20201031092742-821d78e8cdb9/go.mod h1:q4DRF2HY/Qt0qCCARM1OR0dke9XFkKtgr/POyT63crI=
github.com/codingeasygo/util v0.0.0-20210309030720-2e15f61314cb h1:VvhDHqpb4C9lo1vvb7+/ZwxzkhhoLyBuGs0sbl7VSmE=
github.com/codingeasygo/util v0.0.0-20210309030720-2e15f61314cb/go.mod h1:q4DRF2HY/Qt0qCCARM1OR0dke9XFkKtgr/POyT63crI=
github.com/codingeasygo/util v0.0.0-20210401061413-eccfcdcd5af5 h1:CpBF6G0TFiQzwZnF+s/FQ1dA6vAH06qUASPVttuuyRk=
github.com/codingeasygo/util v0.0.0-20210401061413-eccfcdcd5af5/go.mod h1:q4DRF2HY/Qt0qCCARM1OR0dke9XFkKtgr/POyT63crI=
github.com/codingeasygo/util v0.0.0-20210401064809-e81ddd21a810 h1:4FlIvlG0tjnL7QarF9oFf12xmqUQmMHuqjO8M//nRaI=
github.com/codingeasygo/util v0.0.0-20210401064809-e81ddd21a810/go.mod h1:q4DRF2HY/Qt0qCCARM1OR0dke9XFkKtgr/POyT63crI=
github.com/codingeasygo/util v0.0.0-20210404134732-e592917155b1 h1:02WBCreO92ntXzzdk7zHt8/F10TEIsBYc+iLas1kLD0=
github.com/codingeasygo/util v0.0.0-20210404134732-e592917155b1/go.mod h1:q4DRF2HY/Qt0qCCARM1OR0dke9XFkKtgr/POyT63crI=
github.com/codingeasygo/util v0.0.0-20210404141526-e52dfb355f26 h1:3nXfloyOrva+yYmC4RSlIGxckYWC+tDdgQeIxJtNh1s=
github.com/codingeasygo/util v0.0.0-20210404141526-e52dfb355f26/go.mod h1:q4DRF2HY/Qt0qCCARM1OR0dke9XFkKtgr/POyT63crI=
github.com/codingeasygo/util v0.0.0-20210405051700-f4b4852493b2 h1:WT0wwUwwrC4f4F7Hylv+LNt3OVN0tCn4u9dAlriLotQ=
github.com/codingeasygo/util v0.0.0-20210405051700-f4b4852493b2/go.mod h1:q4DRF2HY/Qt0qCCARM1OR0dke9XFkKtgr/POyT63crI=
github.com/matm/gocov-html v0.0.0-20200509184451-71874e2e203b h1:5Wc/N1FIBnExmX0/SEdKe0A0COvdJc3rCGHQ7s1oBPQ=
github.com/matm/gocov-html v0.0.0-20200509184451-71874e2e203b/go.mod h1:zha4ZSIA/qviBBKx3j6tJG/Lx6aIdjOXPWuKAcJchQM=
golang.org/x/crypto v0.0.0-20190308221718-c2843e01d9a2/go.mod h1:djNgcEr1/C05ACkg1iLfiJU5Ep61QUkGW8qpdssI0+w=
golang.org/x/crypto v0.0.0-20200622213623-75b288015ac9/go.mod h1:LzIPMQfyMNhhGPhUkYOs5KpL4U8rLKemX1yGLhDgUto=
golang.org/x/net v0.0.0-20190311183353-d8887717615a/go.mod h1:t9HGtf8HONx5eT2rtn7q6eTqICYqUVnKs3thJo3Qplg=
golang.org/x/net v0.0.0-20190404232315-eb5bcb51f2a3/go.mod h1:t9HGtf8HONx5eT2rtn7q6eTqICYqUVnKs3thJo3Qplg=
golang.org/x/net v0.0.0-20201002202402-0a1ea396d57c h1:dk0ukUIHmGHqASjP0iue2261isepFCC6XRCSd1nHgDw=
golang.org/x/net v0.0.0-20201002202402-0a1ea396d57c/go.mod h1:iQL9McJNjoIa5mjH6nYTCTZXUN6RP+XW3eib7Ya3XcI=
golang.org/x/sync v0.0.0-20190423024810-112230192c58/go.mod h1:RxMgew5VJxzue5/jJTE5uejpjVlOe/izrB70Jof72aM=
golang.org/x/sys v0.0.0-20190215142949-d0b11bdaac8a/go.mod h1:STP8DvDyc/dI5b8T5hshtkjS+E42TnysNCUPdjciGhY=
golang.org/x/sys v0.0.0-20190412213103-97732733099d/go.mod h1:h1NjWce9XRLGQEsW7wpKNCjG9DtNlClVuFLEZdDNbEs=
golang.org/x/sys v0.0.0-20200930185726-fdedc70b468f/go.mod h1:h1NjWce9XRLGQEsW7wpKNCjG9DtNlClVuFLEZdDNbEs=
golang.org/x/text v0.3.0/go.mod h1:NqM8EUOU14njkJ3fqMW+pc6Ldnwhi/IjpwHt7yyuwOQ=
golang.org/x/tools v0.0.0-20190617190820-da514acc4774 h1:CQVOmarCBFzTx0kbOU0ru54Cvot8SdSrNYjZPhQl+gk=
golang.org/x/tools v0.0.0-20190617190820-da514acc4774/go.mod h1:/rFqwRUd4F7ZHNgwSSTFct+R/Kf4OFW1sUzUTQQTgfc=
